Microsoft Visual Studio Solution File, Format Version 12.00
# Visual Studio Version 16
VisualStudioVersion = 16.0.29806.167
MinimumVisualStudioVersion = 10.0.40219.1
Project("{9A19103F-16F7-4668-BE54-9A1E7A4F7556}") = "iviz_msgs_gen", "iviz_msgs_gen\iviz_msgs_gen.csproj", "{99BE0812-5AEA-43A0-96B3-9CF230465E86}"
EndProject
Project("{9A19103F-16F7-4668-BE54-9A1E7A4F7556}") = "iviz_msgs", "iviz_msgs\iviz_msgs.csproj", "{E1F93DB5-4465-4E95-A8F5-DCD79C84859D}"
EndProject
Project("{FAE04EC0-301F-11D3-BF4B-00C04F79EFBC}") = "iviz_roslib", "iviz_roslib\iviz_roslib.csproj", "{77FFF20F-C197-4364-BABC-7C7D0AC06914}"
EndProject
Project("{9A19103F-16F7-4668-BE54-9A1E7A4F7556}") = "iviz_test", "iviz_test\iviz_test.csproj", "{31BE8877-06FD-41AE-9AFE-55C420060723}"
EndProject
Project("{9A19103F-16F7-4668-BE54-9A1E7A4F7556}") = "iviz_bridge", "iviz_bridge\iviz_bridge.csproj", "{C4E99EC9-02D5-4770-B748-116127B2BA5E}"
EndProject
Project("{FAE04EC0-301F-11D3-BF4B-00C04F79EFBC}") = "iviz_model_service", "iviz_model_service\iviz_model_service.csproj", "{34265C03-B3F5-43B0-85F1-95C6BCBE9437}"
EndProject
Project("{FAE04EC0-301F-11D3-BF4B-00C04F79EFBC}") = "iviz_urdf", "iviz_urdf\iviz_urdf.csproj", "{A7115C73-1777-402A-AA29-CEDD974463D2}"
EndProject
Project("{FAE04EC0-301F-11D3-BF4B-00C04F79EFBC}") = "biggustave", "biggustave\biggustave.csproj", "{D298B614-AB22-4AA1-A07E-DEB2A5CBCF3D}"
EndProject
Project("{FAE04EC0-301F-11D3-BF4B-00C04F79EFBC}") = "iviz_model_service_lib", "iviz_model_service_lib\iviz_model_service_lib.csproj", "{2AC879B0-EF05-4FCF-A0F3-651E87E61CC9}"
EndProject
Global
	GlobalSection(SolutionConfigurationPlatforms) = preSolution
		Debug|Any CPU = Debug|Any CPU
		Release|Any CPU = Release|Any CPU
	EndGlobalSection
	GlobalSection(ProjectConfigurationPlatforms) = postSolution
		{99BE0812-5AEA-43A0-96B3-9CF230465E86}.Debug|Any CPU.ActiveCfg = Debug|Any CPU
		{99BE0812-5AEA-43A0-96B3-9CF230465E86}.Debug|Any CPU.Build.0 = Debug|Any CPU
		{99BE0812-5AEA-43A0-96B3-9CF230465E86}.Release|Any CPU.ActiveCfg = Release|Any CPU
		{99BE0812-5AEA-43A0-96B3-9CF230465E86}.Release|Any CPU.Build.0 = Release|Any CPU
		{E1F93DB5-4465-4E95-A8F5-DCD79C84859D}.Debug|Any CPU.ActiveCfg = Debug|Any CPU
		{E1F93DB5-4465-4E95-A8F5-DCD79C84859D}.Debug|Any CPU.Build.0 = Debug|Any CPU
		{E1F93DB5-4465-4E95-A8F5-DCD79C84859D}.Release|Any CPU.ActiveCfg = Release|Any CPU
		{E1F93DB5-4465-4E95-A8F5-DCD79C84859D}.Release|Any CPU.Build.0 = Release|Any CPU
		{77FFF20F-C197-4364-BABC-7C7D0AC06914}.Debug|Any CPU.ActiveCfg = Debug|Any CPU
		{77FFF20F-C197-4364-BABC-7C7D0AC06914}.Debug|Any CPU.Build.0 = Debug|Any CPU
		{77FFF20F-C197-4364-BABC-7C7D0AC06914}.Release|Any CPU.ActiveCfg = Release|Any CPU
		{77FFF20F-C197-4364-BABC-7C7D0AC06914}.Release|Any CPU.Build.0 = Release|Any CPU
		{31BE8877-06FD-41AE-9AFE-55C420060723}.Debug|Any CPU.ActiveCfg = Debug|Any CPU
		{31BE8877-06FD-41AE-9AFE-55C420060723}.Debug|Any CPU.Build.0 = Debug|Any CPU
		{31BE8877-06FD-41AE-9AFE-55C420060723}.Release|Any CPU.ActiveCfg = Release|Any CPU
		{31BE8877-06FD-41AE-9AFE-55C420060723}.Release|Any CPU.Build.0 = Release|Any CPU
		{C4E99EC9-02D5-4770-B748-116127B2BA5E}.Debug|Any CPU.ActiveCfg = Debug|Any CPU
		{C4E99EC9-02D5-4770-B748-116127B2BA5E}.Debug|Any CPU.Build.0 = Debug|Any CPU
		{C4E99EC9-02D5-4770-B748-116127B2BA5E}.Release|Any CPU.ActiveCfg = Release|Any CPU
		{C4E99EC9-02D5-4770-B748-116127B2BA5E}.Release|Any CPU.Build.0 = Release|Any CPU
		{34265C03-B3F5-43B0-85F1-95C6BCBE9437}.Debug|Any CPU.ActiveCfg = Debug|Any CPU
		{34265C03-B3F5-43B0-85F1-95C6BCBE9437}.Debug|Any CPU.Build.0 = Debug|Any CPU
		{34265C03-B3F5-43B0-85F1-95C6BCBE9437}.Release|Any CPU.ActiveCfg = Release|Any CPU
		{34265C03-B3F5-43B0-85F1-95C6BCBE9437}.Release|Any CPU.Build.0 = Release|Any CPU
		{A7115C73-1777-402A-AA29-CEDD974463D2}.Debug|Any CPU.ActiveCfg = Debug|Any CPU
		{A7115C73-1777-402A-AA29-CEDD974463D2}.Debug|Any CPU.Build.0 = Debug|Any CPU
		{A7115C73-1777-402A-AA29-CEDD974463D2}.Release|Any CPU.ActiveCfg = Release|Any CPU
		{A7115C73-1777-402A-AA29-CEDD974463D2}.Release|Any CPU.Build.0 = Release|Any CPU
		{D298B614-AB22-4AA1-A07E-DEB2A5CBCF3D}.Debug|Any CPU.ActiveCfg = Debug|Any CPU
		{D298B614-AB22-4AA1-A07E-DEB2A5CBCF3D}.Debug|Any CPU.Build.0 = Debug|Any CPU
		{D298B614-AB22-4AA1-A07E-DEB2A5CBCF3D}.Release|Any CPU.ActiveCfg = Release|Any CPU
		{D298B614-AB22-4AA1-A07E-DEB2A5CBCF3D}.Release|Any CPU.Build.0 = Release|Any CPU
		{2AC879B0-EF05-4FCF-A0F3-651E87E61CC9}.Debug|Any CPU.ActiveCfg = Debug|Any CPU
		{2AC879B0-EF05-4FCF-A0F3-651E87E61CC9}.Debug|Any CPU.Build.0 = Debug|Any CPU
		{2AC879B0-EF05-4FCF-A0F3-651E87E61CC9}.Release|Any CPU.ActiveCfg = Release|Any CPU
		{2AC879B0-EF05-4FCF-A0F3-651E87E61CC9}.Release|Any CPU.Build.0 = Release|Any CPU
	EndGlobalSection
	GlobalSection(SolutionProperties) = preSolution
		HideSolutionNode = FALSE
	EndGlobalSection
	GlobalSection(ExtensibilityGlobals) = postSolution
		SolutionGuid = {CD75037C-000A-41E1-9A6F-CB04A6B033C1}
	EndGlobalSection
EndGlobal
