Microsoft Visual Studio Solution File, Format Version 12.00
# Visual Studio Version 16
VisualStudioVersion = 16.0.29806.167
MinimumVisualStudioVersion = 10.0.40219.1
Project("{9A19103F-16F7-4668-BE54-9A1E7A4F7556}") = "iviz_msgs_gen", "iviz_msgs_gen\iviz_msgs_gen.csproj", "{99BE0812-5AEA-43A0-96B3-9CF230465E86}"
EndProject
Project("{9A19103F-16F7-4668-BE54-9A1E7A4F7556}") = "iviz_msgs", "iviz_msgs\iviz_msgs.csproj", "{E1F93DB5-4465-4E95-A8F5-DCD79C84859D}"
EndProject
Project("{FAE04EC0-301F-11D3-BF4B-00C04F79EFBC}") = "iviz_roslib", "iviz_roslib\iviz_roslib.csproj", "{77FFF20F-C197-4364-BABC-7C7D0AC06914}"
EndProject
Project("{FAE04EC0-301F-11D3-BF4B-00C04F79EFBC}") = "iviz_model_service", "iviz_model_service\iviz_model_service.csproj", "{34265C03-B3F5-43B0-85F1-95C6BCBE9437}"
EndProject
Project("{FAE04EC0-301F-11D3-BF4B-00C04F79EFBC}") = "iviz_urdf", "iviz_urdf\iviz_urdf.csproj", "{A7115C73-1777-402A-AA29-CEDD974463D2}"
EndProject
Project("{FAE04EC0-301F-11D3-BF4B-00C04F79EFBC}") = "iviz_model_service_lib", "iviz_model_service_lib\iviz_model_service_lib.csproj", "{2AC879B0-EF05-4FCF-A0F3-651E87E61CC9}"
EndProject
Project("{FAE04EC0-301F-11D3-BF4B-00C04F79EFBC}") = "iviz_xmlrpc", "iviz_xmlrpc\iviz_xmlrpc.csproj", "{835F78F3-CF95-437D-A9F9-C83225DF8C60}"
EndProject
Project("{FAE04EC0-301F-11D3-BF4B-00C04F79EFBC}") = "iviz_rosmaster", "iviz_rosmaster\iviz_rosmaster.csproj", "{ED2B9AAC-A533-4157-AE6A-74702EBB76DF}"
EndProject
Project("{FAE04EC0-301F-11D3-BF4B-00C04F79EFBC}") = "iviz_rosmaster_lib", "iviz_rosmaster_lib\iviz_rosmaster_lib.csproj", "{0288F28C-4FC0-4B6E-BA07-0663F4EC5603}"
EndProject
Project("{FAE04EC0-301F-11D3-BF4B-00C04F79EFBC}") = "iviz_msgs_gen_lib", "iviz_msgs_gen_lib\iviz_msgs_gen_lib.csproj", "{CBAB9820-EF39-4706-8FE4-77AC58D6C041}"
EndProject
Project("{FAE04EC0-301F-11D3-BF4B-00C04F79EFBC}") = "iviz_utils", "iviz_utils\iviz_utils.csproj", "{77CF7D0F-AB14-4990-9DD9-E59428D4CC17}"
EndProject
Project("{FAE04EC0-301F-11D3-BF4B-00C04F79EFBC}") = "iviz_dynamic_msg_lib", "iviz_dynamic_msg_lib\iviz_dynamic_msg_lib.csproj", "{3B526AE2-DE42-46FE-9BE8-6CDE16CC6CFB}"
EndProject
Project("{FAE04EC0-301F-11D3-BF4B-00C04F79EFBC}") = "iviz_rosbag_lib", "iviz_rosbag_lib\iviz_rosbag_lib.csproj", "{CCF3FE2A-DA23-4D1E-8F36-61D99E1C6F7D}"
EndProject
Project("{FAE04EC0-301F-11D3-BF4B-00C04F79EFBC}") = "iviz_utils_tests", "iviz_utils_tests\iviz_utils_tests.csproj", "{D426E606-432C-4314-B451-285C6AEA44F2}"
EndProject
Project("{FAE04EC0-301F-11D3-BF4B-00C04F79EFBC}") = "iviz_tf_manager", "iviz_tf_manager\iviz_tf_manager.csproj", "{CD30D932-413D-47FA-8C2C-8957DC39415C}"
EndProject
Project("{FAE04EC0-301F-11D3-BF4B-00C04F79EFBC}") = "iviz_ntp_lib", "iviz_ntp_lib\iviz_ntp_lib.csproj", "{C3689E94-527D-4D73-B9C7-1EAB8F59C375}"
EndProject
Project("{FAE04EC0-301F-11D3-BF4B-00C04F79EFBC}") = "iviz_octree_helper", "iviz_octree_helper\iviz_octree_helper.csproj", "{D7C8CFBC-BC55-48A0-8491-31DA92820B04}"
EndProject
Project("{FAE04EC0-301F-11D3-BF4B-00C04F79EFBC}") = "iviz_tools", "iviz_tools\iviz_tools.csproj", "{73125E88-C810-4E18-9F66-B1C005C3CE9C}"
EndProject
Project("{FAE04EC0-301F-11D3-BF4B-00C04F79EFBC}") = "iviz_remote_lib", "iviz_remote_lib\iviz_remote_lib.csproj", "{ECA2BAFD-C030-42B7-8742-3A072B6FB88F}"
EndProject
Project("{FAE04EC0-301F-11D3-BF4B-00C04F79EFBC}") = "iviz_rosclient", "iviz_rosclient\iviz_rosclient.csproj", "{979E8C34-A7FA-4C5D-91DB-47435A07A1A4}"
EndProject
Project("{FAE04EC0-301F-11D3-BF4B-00C04F79EFBC}") = "iviz_roslib2", "iviz_roslib2\iviz_roslib2.csproj", "{D4373A42-D598-4983-97D6-06751F24A519}"
EndProject
Project("{FAE04EC0-301F-11D3-BF4B-00C04F79EFBC}") = "iviz_bridge", "iviz_bridge\iviz_bridge.csproj", "{19C74D95-0A37-4192-8B33-3560E2BB98C0}"
EndProject
Project("{FAE04EC0-301F-11D3-BF4B-00C04F79EFBC}") = "Tests", "Tests\Tests.csproj", "{9A637F4E-16F4-406D-AD47-D8C953B09CDD}"
EndProject
Global
	GlobalSection(SolutionConfigurationPlatforms) = preSolution
		Debug|Any CPU = Debug|Any CPU
		Release|Any CPU = Release|Any CPU
	EndGlobalSection
	GlobalSection(ProjectConfigurationPlatforms) = postSolution
		{99BE0812-5AEA-43A0-96B3-9CF230465E86}.Debug|Any CPU.ActiveCfg = Debug|Any CPU
		{99BE0812-5AEA-43A0-96B3-9CF230465E86}.Debug|Any CPU.Build.0 = Debug|Any CPU
		{99BE0812-5AEA-43A0-96B3-9CF230465E86}.Release|Any CPU.ActiveCfg = Release|Any CPU
		{99BE0812-5AEA-43A0-96B3-9CF230465E86}.Release|Any CPU.Build.0 = Release|Any CPU
		{E1F93DB5-4465-4E95-A8F5-DCD79C84859D}.Debug|Any CPU.ActiveCfg = Debug|Any CPU
		{E1F93DB5-4465-4E95-A8F5-DCD79C84859D}.Debug|Any CPU.Build.0 = Debug|Any CPU
		{E1F93DB5-4465-4E95-A8F5-DCD79C84859D}.Release|Any CPU.ActiveCfg = Release|Any CPU
		{E1F93DB5-4465-4E95-A8F5-DCD79C84859D}.Release|Any CPU.Build.0 = Release|Any CPU
		{77FFF20F-C197-4364-BABC-7C7D0AC06914}.Debug|Any CPU.ActiveCfg = Debug|Any CPU
		{77FFF20F-C197-4364-BABC-7C7D0AC06914}.Debug|Any CPU.Build.0 = Debug|Any CPU
		{77FFF20F-C197-4364-BABC-7C7D0AC06914}.Release|Any CPU.ActiveCfg = Release|Any CPU
		{77FFF20F-C197-4364-BABC-7C7D0AC06914}.Release|Any CPU.Build.0 = Release|Any CPU
		{34265C03-B3F5-43B0-85F1-95C6BCBE9437}.Debug|Any CPU.ActiveCfg = Debug|Any CPU
		{34265C03-B3F5-43B0-85F1-95C6BCBE9437}.Debug|Any CPU.Build.0 = Debug|Any CPU
		{34265C03-B3F5-43B0-85F1-95C6BCBE9437}.Release|Any CPU.ActiveCfg = Release|Any CPU
		{34265C03-B3F5-43B0-85F1-95C6BCBE9437}.Release|Any CPU.Build.0 = Release|Any CPU
		{A7115C73-1777-402A-AA29-CEDD974463D2}.Debug|Any CPU.ActiveCfg = Debug|Any CPU
		{A7115C73-1777-402A-AA29-CEDD974463D2}.Debug|Any CPU.Build.0 = Debug|Any CPU
		{A7115C73-1777-402A-AA29-CEDD974463D2}.Release|Any CPU.ActiveCfg = Release|Any CPU
		{A7115C73-1777-402A-AA29-CEDD974463D2}.Release|Any CPU.Build.0 = Release|Any CPU
		{2AC879B0-EF05-4FCF-A0F3-651E87E61CC9}.Debug|Any CPU.ActiveCfg = Debug|Any CPU
		{2AC879B0-EF05-4FCF-A0F3-651E87E61CC9}.Debug|Any CPU.Build.0 = Debug|Any CPU
		{2AC879B0-EF05-4FCF-A0F3-651E87E61CC9}.Release|Any CPU.ActiveCfg = Release|Any CPU
		{2AC879B0-EF05-4FCF-A0F3-651E87E61CC9}.Release|Any CPU.Build.0 = Release|Any CPU
		{835F78F3-CF95-437D-A9F9-C83225DF8C60}.Debug|Any CPU.ActiveCfg = Debug|Any CPU
		{835F78F3-CF95-437D-A9F9-C83225DF8C60}.Debug|Any CPU.Build.0 = Debug|Any CPU
		{835F78F3-CF95-437D-A9F9-C83225DF8C60}.Release|Any CPU.ActiveCfg = Release|Any CPU
		{835F78F3-CF95-437D-A9F9-C83225DF8C60}.Release|Any CPU.Build.0 = Release|Any CPU
		{ED2B9AAC-A533-4157-AE6A-74702EBB76DF}.Debug|Any CPU.ActiveCfg = Debug|Any CPU
		{ED2B9AAC-A533-4157-AE6A-74702EBB76DF}.Debug|Any CPU.Build.0 = Debug|Any CPU
		{ED2B9AAC-A533-4157-AE6A-74702EBB76DF}.Release|Any CPU.ActiveCfg = Release|Any CPU
		{ED2B9AAC-A533-4157-AE6A-74702EBB76DF}.Release|Any CPU.Build.0 = Release|Any CPU
		{0288F28C-4FC0-4B6E-BA07-0663F4EC5603}.Debug|Any CPU.ActiveCfg = Debug|Any CPU
		{0288F28C-4FC0-4B6E-BA07-0663F4EC5603}.Debug|Any CPU.Build.0 = Debug|Any CPU
		{0288F28C-4FC0-4B6E-BA07-0663F4EC5603}.Release|Any CPU.ActiveCfg = Release|Any CPU
		{0288F28C-4FC0-4B6E-BA07-0663F4EC5603}.Release|Any CPU.Build.0 = Release|Any CPU
		{CBAB9820-EF39-4706-8FE4-77AC58D6C041}.Debug|Any CPU.ActiveCfg = Debug|Any CPU
		{CBAB9820-EF39-4706-8FE4-77AC58D6C041}.Debug|Any CPU.Build.0 = Debug|Any CPU
		{CBAB9820-EF39-4706-8FE4-77AC58D6C041}.Release|Any CPU.ActiveCfg = Release|Any CPU
		{CBAB9820-EF39-4706-8FE4-77AC58D6C041}.Release|Any CPU.Build.0 = Release|Any CPU
		{77CF7D0F-AB14-4990-9DD9-E59428D4CC17}.Debug|Any CPU.ActiveCfg = Debug|Any CPU
		{77CF7D0F-AB14-4990-9DD9-E59428D4CC17}.Debug|Any CPU.Build.0 = Debug|Any CPU
		{77CF7D0F-AB14-4990-9DD9-E59428D4CC17}.Release|Any CPU.ActiveCfg = Release|Any CPU
		{77CF7D0F-AB14-4990-9DD9-E59428D4CC17}.Release|Any CPU.Build.0 = Release|Any CPU
		{3B526AE2-DE42-46FE-9BE8-6CDE16CC6CFB}.Debug|Any CPU.ActiveCfg = Debug|Any CPU
		{3B526AE2-DE42-46FE-9BE8-6CDE16CC6CFB}.Debug|Any CPU.Build.0 = Debug|Any CPU
		{3B526AE2-DE42-46FE-9BE8-6CDE16CC6CFB}.Release|Any CPU.ActiveCfg = Release|Any CPU
		{3B526AE2-DE42-46FE-9BE8-6CDE16CC6CFB}.Release|Any CPU.Build.0 = Release|Any CPU
		{CCF3FE2A-DA23-4D1E-8F36-61D99E1C6F7D}.Debug|Any CPU.ActiveCfg = Debug|Any CPU
		{CCF3FE2A-DA23-4D1E-8F36-61D99E1C6F7D}.Debug|Any CPU.Build.0 = Debug|Any CPU
		{CCF3FE2A-DA23-4D1E-8F36-61D99E1C6F7D}.Release|Any CPU.ActiveCfg = Release|Any CPU
		{CCF3FE2A-DA23-4D1E-8F36-61D99E1C6F7D}.Release|Any CPU.Build.0 = Release|Any CPU
		{D426E606-432C-4314-B451-285C6AEA44F2}.Debug|Any CPU.ActiveCfg = Debug|Any CPU
		{D426E606-432C-4314-B451-285C6AEA44F2}.Debug|Any CPU.Build.0 = Debug|Any CPU
		{D426E606-432C-4314-B451-285C6AEA44F2}.Release|Any CPU.ActiveCfg = Release|Any CPU
		{D426E606-432C-4314-B451-285C6AEA44F2}.Release|Any CPU.Build.0 = Release|Any CPU
		{CD30D932-413D-47FA-8C2C-8957DC39415C}.Debug|Any CPU.ActiveCfg = Debug|Any CPU
		{CD30D932-413D-47FA-8C2C-8957DC39415C}.Debug|Any CPU.Build.0 = Debug|Any CPU
		{CD30D932-413D-47FA-8C2C-8957DC39415C}.Release|Any CPU.ActiveCfg = Release|Any CPU
		{CD30D932-413D-47FA-8C2C-8957DC39415C}.Release|Any CPU.Build.0 = Release|Any CPU
		{C3689E94-527D-4D73-B9C7-1EAB8F59C375}.Debug|Any CPU.ActiveCfg = Debug|Any CPU
		{C3689E94-527D-4D73-B9C7-1EAB8F59C375}.Debug|Any CPU.Build.0 = Debug|Any CPU
		{C3689E94-527D-4D73-B9C7-1EAB8F59C375}.Release|Any CPU.ActiveCfg = Release|Any CPU
		{C3689E94-527D-4D73-B9C7-1EAB8F59C375}.Release|Any CPU.Build.0 = Release|Any CPU
		{D7C8CFBC-BC55-48A0-8491-31DA92820B04}.Debug|Any CPU.ActiveCfg = Debug|Any CPU
		{D7C8CFBC-BC55-48A0-8491-31DA92820B04}.Debug|Any CPU.Build.0 = Debug|Any CPU
		{D7C8CFBC-BC55-48A0-8491-31DA92820B04}.Release|Any CPU.ActiveCfg = Release|Any CPU
		{D7C8CFBC-BC55-48A0-8491-31DA92820B04}.Release|Any CPU.Build.0 = Release|Any CPU
		{73125E88-C810-4E18-9F66-B1C005C3CE9C}.Debug|Any CPU.ActiveCfg = Debug|Any CPU
		{73125E88-C810-4E18-9F66-B1C005C3CE9C}.Debug|Any CPU.Build.0 = Debug|Any CPU
		{73125E88-C810-4E18-9F66-B1C005C3CE9C}.Release|Any CPU.ActiveCfg = Release|Any CPU
		{73125E88-C810-4E18-9F66-B1C005C3CE9C}.Release|Any CPU.Build.0 = Release|Any CPU
		{ECA2BAFD-C030-42B7-8742-3A072B6FB88F}.Debug|Any CPU.ActiveCfg = Debug|Any CPU
		{ECA2BAFD-C030-42B7-8742-3A072B6FB88F}.Debug|Any CPU.Build.0 = Debug|Any CPU
		{ECA2BAFD-C030-42B7-8742-3A072B6FB88F}.Release|Any CPU.ActiveCfg = Release|Any CPU
		{ECA2BAFD-C030-42B7-8742-3A072B6FB88F}.Release|Any CPU.Build.0 = Release|Any CPU
		{979E8C34-A7FA-4C5D-91DB-47435A07A1A4}.Debug|Any CPU.ActiveCfg = Debug|Any CPU
		{979E8C34-A7FA-4C5D-91DB-47435A07A1A4}.Debug|Any CPU.Build.0 = Debug|Any CPU
		{979E8C34-A7FA-4C5D-91DB-47435A07A1A4}.Release|Any CPU.ActiveCfg = Release|Any CPU
		{979E8C34-A7FA-4C5D-91DB-47435A07A1A4}.Release|Any CPU.Build.0 = Release|Any CPU
		{D4373A42-D598-4983-97D6-06751F24A519}.Debug|Any CPU.ActiveCfg = Debug|Any CPU
		{D4373A42-D598-4983-97D6-06751F24A519}.Debug|Any CPU.Build.0 = Debug|Any CPU
		{D4373A42-D598-4983-97D6-06751F24A519}.Release|Any CPU.ActiveCfg = Release|Any CPU
		{D4373A42-D598-4983-97D6-06751F24A519}.Release|Any CPU.Build.0 = Release|Any CPU
		{CB2BEF9C-FBC8-470D-B623-7683E647864A}.Debug|Any CPU.ActiveCfg = Debug|Any CPU
		{CB2BEF9C-FBC8-470D-B623-7683E647864A}.Debug|Any CPU.Build.0 = Debug|Any CPU
		{CB2BEF9C-FBC8-470D-B623-7683E647864A}.Release|Any CPU.ActiveCfg = Release|Any CPU
		{CB2BEF9C-FBC8-470D-B623-7683E647864A}.Release|Any CPU.Build.0 = Release|Any CPU
		{19C74D95-0A37-4192-8B33-3560E2BB98C0}.Debug|Any CPU.ActiveCfg = Debug|Any CPU
		{19C74D95-0A37-4192-8B33-3560E2BB98C0}.Debug|Any CPU.Build.0 = Debug|Any CPU
		{19C74D95-0A37-4192-8B33-3560E2BB98C0}.Release|Any CPU.ActiveCfg = Release|Any CPU
		{19C74D95-0A37-4192-8B33-3560E2BB98C0}.Release|Any CPU.Build.0 = Release|Any CPU
		{9A637F4E-16F4-406D-AD47-D8C953B09CDD}.Debug|Any CPU.ActiveCfg = Debug|Any CPU
		{9A637F4E-16F4-406D-AD47-D8C953B09CDD}.Debug|Any CPU.Build.0 = Debug|Any CPU
		{9A637F4E-16F4-406D-AD47-D8C953B09CDD}.Release|Any CPU.ActiveCfg = Release|Any CPU
		{9A637F4E-16F4-406D-AD47-D8C953B09CDD}.Release|Any CPU.Build.0 = Release|Any CPU
	EndGlobalSection
	GlobalSection(SolutionProperties) = preSolution
		HideSolutionNode = FALSE
	EndGlobalSection
	GlobalSection(ExtensibilityGlobals) = postSolution
		SolutionGuid = {CD75037C-000A-41E1-9A6F-CB04A6B033C1}
	EndGlobalSection
EndGlobal
